
Microsoft Visual Studio Solution File, Format Version 12.00
# Visual Studio Version 16
VisualStudioVersion = 16.0.30711.63
MinimumVisualStudioVersion = 10.0.40219.1
Project("{FAE04EC0-301F-11D3-BF4B-00C04F79EFBC}") = "LIEApp.Android", "LIEApp\LIEApp.Android\LIEApp.Android.csproj", "{F9308345-9BC8-47C2-87F6-FA4242D26897}"
EndProject
Project("{FAE04EC0-301F-11D3-BF4B-00C04F79EFBC}") = "LIEApp.iOS", "LIEApp\LIEApp.iOS\LIEApp.iOS.csproj", "{0048D349-858B-4625-9EED-F74CDE3BF756}"
EndProject
Project("{FAE04EC0-301F-11D3-BF4B-00C04F79EFBC}") = "LIEApp", "LIEApp\LIEApp\LIEApp.csproj", "{5F96DB4E-F1D5-4FE4-8F7A-410FA8984D18}"
EndProject
Global
	GlobalSection(SolutionConfigurationPlatforms) = preSolution
		Debug|Any CPU = Debug|Any CPU
		Debug|iPhone = Debug|iPhone
		Debug|iPhoneSimulator = Debug|iPhoneSimulator
		Release|Any CPU = Release|Any CPU
		Release|iPhone = Release|iPhone
		Release|iPhoneSimulator = Release|iPhoneSimulator
	EndGlobalSection
	GlobalSection(ProjectConfigurationPlatforms) = postSolution
		{F9308345-9BC8-47C2-87F6-FA4242D26897}.Debug|Any CPU.ActiveCfg = Debug|Any CPU
		{F9308345-9BC8-47C2-87F6-FA4242D26897}.Debug|Any CPU.Build.0 = Debug|Any CPU
		{F9308345-9BC8-47C2-87F6-FA4242D26897}.Debug|Any CPU.Deploy.0 = Debug|Any CPU
		{F9308345-9BC8-47C2-87F6-FA4242D26897}.Debug|iPhone.ActiveCfg = Debug|Any CPU
		{F9308345-9BC8-47C2-87F6-FA4242D26897}.Debug|iPhone.Build.0 = Debug|Any CPU
		{F9308345-9BC8-47C2-87F6-FA4242D26897}.Debug|iPhone.Deploy.0 = Debug|Any CPU
		{F9308345-9BC8-47C2-87F6-FA4242D26897}.Debug|iPhoneSimulator.ActiveCfg = Debug|Any CPU
		{F9308345-9BC8-47C2-87F6-FA4242D26897}.Debug|iPhoneSimulator.Build.0 = Debug|Any CPU
		{F9308345-9BC8-47C2-87F6-FA4242D26897}.Debug|iPhoneSimulator.Deploy.0 = Debug|Any CPU
		{F9308345-9BC8-47C2-87F6-FA4242D26897}.Release|Any CPU.ActiveCfg = Release|Any CPU
		{F9308345-9BC8-47C2-87F6-FA4242D26897}.Release|Any CPU.Build.0 = Release|Any CPU
		{F9308345-9BC8-47C2-87F6-FA4242D26897}.Release|Any CPU.Deploy.0 = Release|Any CPU
		{F9308345-9BC8-47C2-87F6-FA4242D26897}.Release|iPhone.ActiveCfg = Release|Any CPU
		{F9308345-9BC8-47C2-87F6-FA4242D26897}.Release|iPhone.Build.0 = Release|Any CPU
		{F9308345-9BC8-47C2-87F6-FA4242D26897}.Release|iPhone.Deploy.0 = Release|Any CPU
		{F9308345-9BC8-47C2-87F6-FA4242D26897}.Release|iPhoneSimulator.ActiveCfg = Release|Any CPU
		{F9308345-9BC8-47C2-87F6-FA4242D26897}.Release|iPhoneSimulator.Build.0 = Release|Any CPU
		{F9308345-9BC8-47C2-87F6-FA4242D26897}.Release|iPhoneSimulator.Deploy.0 = Release|Any CPU
		{0048D349-858B-4625-9EED-F74CDE3BF756}.Debug|Any CPU.ActiveCfg = Debug|iPhone
		{0048D349-858B-4625-9EED-F74CDE3BF756}.Debug|Any CPU.Build.0 = Debug|iPhone
		{0048D349-858B-4625-9EED-F74CDE3BF756}.Debug|Any CPU.Deploy.0 = Debug|iPhone
		{0048D349-858B-4625-9EED-F74CDE3BF756}.Debug|iPhone.ActiveCfg = Debug|iPhone
		{0048D349-858B-4625-9EED-F74CDE3BF756}.Debug|iPhone.Build.0 = Debug|iPhone
		{0048D349-858B-4625-9EED-F74CDE3BF756}.Debug|iPhone.Deploy.0 = Debug|iPhone
		{0048D349-858B-4625-9EED-F74CDE3BF756}.Debug|iPhoneSimulator.ActiveCfg = Debug|iPhoneSimulator
		{0048D349-858B-4625-9EED-F74CDE3BF756}.Debug|iPhoneSimulator.Build.0 = Debug|iPhoneSimulator
		{0048D349-858B-4625-9EED-F74CDE3BF756}.Debug|iPhoneSimulator.Deploy.0 = Debug|iPhoneSimulator
		{0048D349-858B-4625-9EED-F74CDE3BF756}.Release|Any CPU.ActiveCfg = Release|iPhoneSimulator
		{0048D349-858B-4625-9EED-F74CDE3BF756}.Release|Any CPU.Build.0 = Release|iPhoneSimulator
		{0048D349-858B-4625-9EED-F74CDE3BF756}.Release|Any CPU.Deploy.0 = Release|iPhoneSimulator
		{0048D349-858B-4625-9EED-F74CDE3BF756}.Release|iPhone.ActiveCfg = Release|iPhone
		{0048D349-858B-4625-9EED-F74CDE3BF756}.Release|iPhone.Build.0 = Release|iPhone
		{0048D349-858B-4625-9EED-F74CDE3BF756}.Release|iPhone.Deploy.0 = Release|iPhone
		{0048D349-858B-4625-9EED-F74CDE3BF756}.Release|iPhoneSimulator.ActiveCfg = Release|iPhoneSimulator
		{0048D349-858B-4625-9EED-F74CDE3BF756}.Release|iPhoneSimulator.Build.0 = Release|iPhoneSimulator
		{0048D349-858B-4625-9EED-F74CDE3BF756}.Release|iPhoneSimulator.Deploy.0 = Release|iPhoneSimulator
		{5F96DB4E-F1D5-4FE4-8F7A-410FA8984D18}.Debug|Any CPU.ActiveCfg = Debug|Any CPU
		{5F96DB4E-F1D5-4FE4-8F7A-410FA8984D18}.Debug|Any CPU.Build.0 = Debug|Any CPU
		{5F96DB4E-F1D5-4FE4-8F7A-410FA8984D18}.Debug|Any CPU.Deploy.0 = Debug|Any CPU
		{5F96DB4E-F1D5-4FE4-8F7A-410FA8984D18}.Debug|iPhone.ActiveCfg = Debug|Any CPU
		{5F96DB4E-F1D5-4FE4-8F7A-410FA8984D18}.Debug|iPhone.Build.0 = Debug|Any CPU
		{5F96DB4E-F1D5-4FE4-8F7A-410FA8984D18}.Debug|iPhone.Deploy.0 = Debug|Any CPU
		{5F96DB4E-F1D5-4FE4-8F7A-410FA8984D18}.Debug|iPhoneSimulator.ActiveCfg = Debug|Any CPU
		{5F96DB4E-F1D5-4FE4-8F7A-410FA8984D18}.Debug|iPhoneSimulator.Build.0 = Debug|Any CPU
		{5F96DB4E-F1D5-4FE4-8F7A-410FA8984D18}.Debug|iPhoneSimulator.Deploy.0 = Debug|Any CPU
		{5F96DB4E-F1D5-4FE4-8F7A-410FA8984D18}.Release|Any CPU.ActiveCfg = Release|Any CPU
		{5F96DB4E-F1D5-4FE4-8F7A-410FA8984D18}.Release|Any CPU.Build.0 = Release|Any CPU
		{5F96DB4E-F1D5-4FE4-8F7A-410FA8984D18}.Release|Any CPU.Deploy.0 = Release|Any CPU
		{5F96DB4E-F1D5-4FE4-8F7A-410FA8984D18}.Release|iPhone.ActiveCfg = Release|Any CPU
		{5F96DB4E-F1D5-4FE4-8F7A-410FA8984D18}.Release|iPhone.Build.0 = Release|Any CPU
		{5F96DB4E-F1D5-4FE4-8F7A-410FA8984D18}.Release|iPhone.Deploy.0 = Release|Any CPU
		{5F96DB4E-F1D5-4FE4-8F7A-410FA8984D18}.Release|iPhoneSimulator.ActiveCfg = Release|Any CPU
		{5F96DB4E-F1D5-4FE4-8F7A-410FA8984D18}.Release|iPhoneSimulator.Build.0 = Release|Any CPU
		{5F96DB4E-F1D5-4FE4-8F7A-410FA8984D18}.Release|iPhoneSimulator.Deploy.0 = Release|Any CPU
	EndGlobalSection
	GlobalSection(SolutionProperties) = preSolution
		HideSolutionNode = FALSE
	EndGlobalSection
	GlobalSection(ExtensibilityGlobals) = postSolution
		SolutionGuid = {1BFF83A7-AFFB-4B8D-B1BF-748B66B6AA52}
	EndGlobalSection
EndGlobal
