
Microsoft Visual Studio Solution File, Format Version 12.00
# Visual Studio Version 16
VisualStudioVersion = 16.0.30717.126
MinimumVisualStudioVersion = 10.0.40219.1
Project("{FAE04EC0-301F-11D3-BF4B-00C04F79EFBC}") = "LIEApp.UWP", "LIEApp\LIEApp.UWP\LIEApp.UWP.csproj", "{1DC85071-EC65-4816-9537-F47CD6677E4E}"
EndProject
Project("{FAE04EC0-301F-11D3-BF4B-00C04F79EFBC}") = "LIEApp.Android", "LIEApp\LIEApp.Android\LIEApp.Android.csproj", "{A36F70DC-1415-4296-ADED-453CA886907E}"
EndProject
Project("{FAE04EC0-301F-11D3-BF4B-00C04F79EFBC}") = "LIEApp.iOS", "LIEApp\LIEApp.iOS\LIEApp.iOS.csproj", "{5896C0CF-C809-4123-8341-07F40DBA30F8}"
EndProject
Project("{FAE04EC0-301F-11D3-BF4B-00C04F79EFBC}") = "LIEApp", "LIEApp\LIEApp\LIEApp.csproj", "{FAF24420-62DB-46DC-B9B1-AF6715C761B2}"
EndProject
Global
	GlobalSection(SolutionConfigurationPlatforms) = preSolution
		Debug|Any CPU = Debug|Any CPU
		Debug|ARM = Debug|ARM
		Debug|iPhone = Debug|iPhone
		Debug|iPhoneSimulator = Debug|iPhoneSimulator
		Debug|x64 = Debug|x64
		Debug|x86 = Debug|x86
		Release|Any CPU = Release|Any CPU
		Release|ARM = Release|ARM
		Release|iPhone = Release|iPhone
		Release|iPhoneSimulator = Release|iPhoneSimulator
		Release|x64 = Release|x64
		Release|x86 = Release|x86
	EndGlobalSection
	GlobalSection(ProjectConfigurationPlatforms) = postSolution
		{1DC85071-EC65-4816-9537-F47CD6677E4E}.Debug|Any CPU.ActiveCfg = Debug|x86
		{1DC85071-EC65-4816-9537-F47CD6677E4E}.Debug|Any CPU.Build.0 = Debug|x86
		{1DC85071-EC65-4816-9537-F47CD6677E4E}.Debug|Any CPU.Deploy.0 = Debug|x86
		{1DC85071-EC65-4816-9537-F47CD6677E4E}.Debug|ARM.ActiveCfg = Debug|ARM
		{1DC85071-EC65-4816-9537-F47CD6677E4E}.Debug|ARM.Build.0 = Debug|ARM
		{1DC85071-EC65-4816-9537-F47CD6677E4E}.Debug|ARM.Deploy.0 = Debug|ARM
		{1DC85071-EC65-4816-9537-F47CD6677E4E}.Debug|iPhone.ActiveCfg = Debug|x86
		{1DC85071-EC65-4816-9537-F47CD6677E4E}.Debug|iPhone.Build.0 = Debug|x86
		{1DC85071-EC65-4816-9537-F47CD6677E4E}.Debug|iPhone.Deploy.0 = Debug|x86
		{1DC85071-EC65-4816-9537-F47CD6677E4E}.Debug|iPhoneSimulator.ActiveCfg = Debug|x86
		{1DC85071-EC65-4816-9537-F47CD6677E4E}.Debug|iPhoneSimulator.Build.0 = Debug|x86
		{1DC85071-EC65-4816-9537-F47CD6677E4E}.Debug|iPhoneSimulator.Deploy.0 = Debug|x86
		{1DC85071-EC65-4816-9537-F47CD6677E4E}.Debug|x64.ActiveCfg = Debug|x64
		{1DC85071-EC65-4816-9537-F47CD6677E4E}.Debug|x64.Build.0 = Debug|x64
		{1DC85071-EC65-4816-9537-F47CD6677E4E}.Debug|x64.Deploy.0 = Debug|x64
		{1DC85071-EC65-4816-9537-F47CD6677E4E}.Debug|x86.ActiveCfg = Debug|x86
		{1DC85071-EC65-4816-9537-F47CD6677E4E}.Debug|x86.Build.0 = Debug|x86
		{1DC85071-EC65-4816-9537-F47CD6677E4E}.Debug|x86.Deploy.0 = Debug|x86
		{1DC85071-EC65-4816-9537-F47CD6677E4E}.Release|Any CPU.ActiveCfg = Release|x86
		{1DC85071-EC65-4816-9537-F47CD6677E4E}.Release|Any CPU.Build.0 = Release|x86
		{1DC85071-EC65-4816-9537-F47CD6677E4E}.Release|Any CPU.Deploy.0 = Release|x86
		{1DC85071-EC65-4816-9537-F47CD6677E4E}.Release|ARM.ActiveCfg = Release|ARM
		{1DC85071-EC65-4816-9537-F47CD6677E4E}.Release|ARM.Build.0 = Release|ARM
		{1DC85071-EC65-4816-9537-F47CD6677E4E}.Release|ARM.Deploy.0 = Release|ARM
		{1DC85071-EC65-4816-9537-F47CD6677E4E}.Release|iPhone.ActiveCfg = Release|x86
		{1DC85071-EC65-4816-9537-F47CD6677E4E}.Release|iPhone.Build.0 = Release|x86
		{1DC85071-EC65-4816-9537-F47CD6677E4E}.Release|iPhone.Deploy.0 = Release|x86
		{1DC85071-EC65-4816-9537-F47CD6677E4E}.Release|iPhoneSimulator.ActiveCfg = Release|x86
		{1DC85071-EC65-4816-9537-F47CD6677E4E}.Release|iPhoneSimulator.Build.0 = Release|x86
		{1DC85071-EC65-4816-9537-F47CD6677E4E}.Release|iPhoneSimulator.Deploy.0 = Release|x86
		{1DC85071-EC65-4816-9537-F47CD6677E4E}.Release|x64.ActiveCfg = Release|x64
		{1DC85071-EC65-4816-9537-F47CD6677E4E}.Release|x64.Build.0 = Release|x64
		{1DC85071-EC65-4816-9537-F47CD6677E4E}.Release|x64.Deploy.0 = Release|x64
		{1DC85071-EC65-4816-9537-F47CD6677E4E}.Release|x86.ActiveCfg = Release|x86
		{1DC85071-EC65-4816-9537-F47CD6677E4E}.Release|x86.Build.0 = Release|x86
		{1DC85071-EC65-4816-9537-F47CD6677E4E}.Release|x86.Deploy.0 = Release|x86
		{A36F70DC-1415-4296-ADED-453CA886907E}.Debug|Any CPU.ActiveCfg = Debug|Any CPU
		{A36F70DC-1415-4296-ADED-453CA886907E}.Debug|Any CPU.Build.0 = Debug|Any CPU
		{A36F70DC-1415-4296-ADED-453CA886907E}.Debug|Any CPU.Deploy.0 = Debug|Any CPU
		{A36F70DC-1415-4296-ADED-453CA886907E}.Debug|ARM.ActiveCfg = Debug|Any CPU
		{A36F70DC-1415-4296-ADED-453CA886907E}.Debug|ARM.Build.0 = Debug|Any CPU
		{A36F70DC-1415-4296-ADED-453CA886907E}.Debug|ARM.Deploy.0 = Debug|Any CPU
		{A36F70DC-1415-4296-ADED-453CA886907E}.Debug|iPhone.ActiveCfg = Debug|Any CPU
		{A36F70DC-1415-4296-ADED-453CA886907E}.Debug|iPhone.Build.0 = Debug|Any CPU
		{A36F70DC-1415-4296-ADED-453CA886907E}.Debug|iPhone.Deploy.0 = Debug|Any CPU
		{A36F70DC-1415-4296-ADED-453CA886907E}.Debug|iPhoneSimulator.ActiveCfg = Debug|Any CPU
		{A36F70DC-1415-4296-ADED-453CA886907E}.Debug|iPhoneSimulator.Build.0 = Debug|Any CPU
		{A36F70DC-1415-4296-ADED-453CA886907E}.Debug|iPhoneSimulator.Deploy.0 = Debug|Any CPU
		{A36F70DC-1415-4296-ADED-453CA886907E}.Debug|x64.ActiveCfg = Debug|Any CPU
		{A36F70DC-1415-4296-ADED-453CA886907E}.Debug|x64.Build.0 = Debug|Any CPU
		{A36F70DC-1415-4296-ADED-453CA886907E}.Debug|x64.Deploy.0 = Debug|Any CPU
		{A36F70DC-1415-4296-ADED-453CA886907E}.Debug|x86.ActiveCfg = Debug|Any CPU
		{A36F70DC-1415-4296-ADED-453CA886907E}.Debug|x86.Build.0 = Debug|Any CPU
		{A36F70DC-1415-4296-ADED-453CA886907E}.Debug|x86.Deploy.0 = Debug|Any CPU
		{A36F70DC-1415-4296-ADED-453CA886907E}.Release|Any CPU.ActiveCfg = Release|Any CPU
		{A36F70DC-1415-4296-ADED-453CA886907E}.Release|Any CPU.Build.0 = Release|Any CPU
		{A36F70DC-1415-4296-ADED-453CA886907E}.Release|Any CPU.Deploy.0 = Release|Any CPU
		{A36F70DC-1415-4296-ADED-453CA886907E}.Release|ARM.ActiveCfg = Release|Any CPU
		{A36F70DC-1415-4296-ADED-453CA886907E}.Release|ARM.Build.0 = Release|Any CPU
		{A36F70DC-1415-4296-ADED-453CA886907E}.Release|ARM.Deploy.0 = Release|Any CPU
		{A36F70DC-1415-4296-ADED-453CA886907E}.Release|iPhone.ActiveCfg = Release|Any CPU
		{A36F70DC-1415-4296-ADED-453CA886907E}.Release|iPhone.Build.0 = Release|Any CPU
		{A36F70DC-1415-4296-ADED-453CA886907E}.Release|iPhone.Deploy.0 = Release|Any CPU
		{A36F70DC-1415-4296-ADED-453CA886907E}.Release|iPhoneSimulator.ActiveCfg = Release|Any CPU
		{A36F70DC-1415-4296-ADED-453CA886907E}.Release|iPhoneSimulator.Build.0 = Release|Any CPU
		{A36F70DC-1415-4296-ADED-453CA886907E}.Release|iPhoneSimulator.Deploy.0 = Release|Any CPU
		{A36F70DC-1415-4296-ADED-453CA886907E}.Release|x64.ActiveCfg = Release|Any CPU
		{A36F70DC-1415-4296-ADED-453CA886907E}.Release|x64.Build.0 = Release|Any CPU
		{A36F70DC-1415-4296-ADED-453CA886907E}.Release|x64.Deploy.0 = Release|Any CPU
		{A36F70DC-1415-4296-ADED-453CA886907E}.Release|x86.ActiveCfg = Release|Any CPU
		{A36F70DC-1415-4296-ADED-453CA886907E}.Release|x86.Build.0 = Release|Any CPU
		{A36F70DC-1415-4296-ADED-453CA886907E}.Release|x86.Deploy.0 = Release|Any CPU
		{5896C0CF-C809-4123-8341-07F40DBA30F8}.Debug|Any CPU.ActiveCfg = Debug|iPhoneSimulator
		{5896C0CF-C809-4123-8341-07F40DBA30F8}.Debug|Any CPU.Build.0 = Debug|iPhoneSimulator
		{5896C0CF-C809-4123-8341-07F40DBA30F8}.Debug|Any CPU.Deploy.0 = Debug|iPhoneSimulator
		{5896C0CF-C809-4123-8341-07F40DBA30F8}.Debug|ARM.ActiveCfg = Debug|iPhone
		{5896C0CF-C809-4123-8341-07F40DBA30F8}.Debug|ARM.Build.0 = Debug|iPhone
		{5896C0CF-C809-4123-8341-07F40DBA30F8}.Debug|ARM.Deploy.0 = Debug|iPhone
		{5896C0CF-C809-4123-8341-07F40DBA30F8}.Debug|iPhone.ActiveCfg = Debug|iPhone
		{5896C0CF-C809-4123-8341-07F40DBA30F8}.Debug|iPhone.Build.0 = Debug|iPhone
		{5896C0CF-C809-4123-8341-07F40DBA30F8}.Debug|iPhone.Deploy.0 = Debug|iPhone
		{5896C0CF-C809-4123-8341-07F40DBA30F8}.Debug|iPhoneSimulator.ActiveCfg = Debug|iPhoneSimulator
		{5896C0CF-C809-4123-8341-07F40DBA30F8}.Debug|iPhoneSimulator.Build.0 = Debug|iPhoneSimulator
		{5896C0CF-C809-4123-8341-07F40DBA30F8}.Debug|iPhoneSimulator.Deploy.0 = Debug|iPhoneSimulator
		{5896C0CF-C809-4123-8341-07F40DBA30F8}.Debug|x64.ActiveCfg = Debug|iPhoneSimulator
		{5896C0CF-C809-4123-8341-07F40DBA30F8}.Debug|x64.Build.0 = Debug|iPhoneSimulator
		{5896C0CF-C809-4123-8341-07F40DBA30F8}.Debug|x64.Deploy.0 = Debug|iPhoneSimulator
		{5896C0CF-C809-4123-8341-07F40DBA30F8}.Debug|x86.ActiveCfg = Debug|iPhoneSimulator
		{5896C0CF-C809-4123-8341-07F40DBA30F8}.Debug|x86.Build.0 = Debug|iPhoneSimulator
		{5896C0CF-C809-4123-8341-07F40DBA30F8}.Debug|x86.Deploy.0 = Debug|iPhoneSimulator
		{5896C0CF-C809-4123-8341-07F40DBA30F8}.Release|Any CPU.ActiveCfg = Release|iPhoneSimulator
		{5896C0CF-C809-4123-8341-07F40DBA30F8}.Release|Any CPU.Build.0 = Release|iPhoneSimulator
		{5896C0CF-C809-4123-8341-07F40DBA30F8}.Release|Any CPU.Deploy.0 = Release|iPhoneSimulator
		{5896C0CF-C809-4123-8341-07F40DBA30F8}.Release|ARM.ActiveCfg = Release|iPhoneSimulator
		{5896C0CF-C809-4123-8341-07F40DBA30F8}.Release|ARM.Build.0 = Release|iPhoneSimulator
		{5896C0CF-C809-4123-8341-07F40DBA30F8}.Release|ARM.Deploy.0 = Release|iPhoneSimulator
		{5896C0CF-C809-4123-8341-07F40DBA30F8}.Release|iPhone.ActiveCfg = Release|iPhone
		{5896C0CF-C809-4123-8341-07F40DBA30F8}.Release|iPhone.Build.0 = Release|iPhone
		{5896C0CF-C809-4123-8341-07F40DBA30F8}.Release|iPhone.Deploy.0 = Release|iPhone
		{5896C0CF-C809-4123-8341-07F40DBA30F8}.Release|iPhoneSimulator.ActiveCfg = Release|iPhoneSimulator
		{5896C0CF-C809-4123-8341-07F40DBA30F8}.Release|iPhoneSimulator.Build.0 = Release|iPhoneSimulator
		{5896C0CF-C809-4123-8341-07F40DBA30F8}.Release|iPhoneSimulator.Deploy.0 = Release|iPhoneSimulator
		{5896C0CF-C809-4123-8341-07F40DBA30F8}.Release|x64.ActiveCfg = Release|iPhoneSimulator
		{5896C0CF-C809-4123-8341-07F40DBA30F8}.Release|x64.Build.0 = Release|iPhoneSimulator
		{5896C0CF-C809-4123-8341-07F40DBA30F8}.Release|x64.Deploy.0 = Release|iPhoneSimulator
		{5896C0CF-C809-4123-8341-07F40DBA30F8}.Release|x86.ActiveCfg = Release|iPhoneSimulator
		{5896C0CF-C809-4123-8341-07F40DBA30F8}.Release|x86.Build.0 = Release|iPhoneSimulator
		{5896C0CF-C809-4123-8341-07F40DBA30F8}.Release|x86.Deploy.0 = Release|iPhoneSimulator
		{FAF24420-62DB-46DC-B9B1-AF6715C761B2}.Debug|Any CPU.ActiveCfg = Debug|Any CPU
		{FAF24420-62DB-46DC-B9B1-AF6715C761B2}.Debug|Any CPU.Build.0 = Debug|Any CPU
		{FAF24420-62DB-46DC-B9B1-AF6715C761B2}.Debug|Any CPU.Deploy.0 = Debug|Any CPU
		{FAF24420-62DB-46DC-B9B1-AF6715C761B2}.Debug|ARM.ActiveCfg = Debug|Any CPU
		{FAF24420-62DB-46DC-B9B1-AF6715C761B2}.Debug|ARM.Build.0 = Debug|Any CPU
		{FAF24420-62DB-46DC-B9B1-AF6715C761B2}.Debug|ARM.Deploy.0 = Debug|Any CPU
		{FAF24420-62DB-46DC-B9B1-AF6715C761B2}.Debug|iPhone.ActiveCfg = Debug|Any CPU
		{FAF24420-62DB-46DC-B9B1-AF6715C761B2}.Debug|iPhone.Build.0 = Debug|Any CPU
		{FAF24420-62DB-46DC-B9B1-AF6715C761B2}.Debug|iPhone.Deploy.0 = Debug|Any CPU
		{FAF24420-62DB-46DC-B9B1-AF6715C761B2}.Debug|iPhoneSimulator.ActiveCfg = Debug|Any CPU
		{FAF24420-62DB-46DC-B9B1-AF6715C761B2}.Debug|iPhoneSimulator.Build.0 = Debug|Any CPU
		{FAF24420-62DB-46DC-B9B1-AF6715C761B2}.Debug|iPhoneSimulator.Deploy.0 = Debug|Any CPU
		{FAF24420-62DB-46DC-B9B1-AF6715C761B2}.Debug|x64.ActiveCfg = Debug|Any CPU
		{FAF24420-62DB-46DC-B9B1-AF6715C761B2}.Debug|x64.Build.0 = Debug|Any CPU
		{FAF24420-62DB-46DC-B9B1-AF6715C761B2}.Debug|x64.Deploy.0 = Debug|Any CPU
		{FAF24420-62DB-46DC-B9B1-AF6715C761B2}.Debug|x86.ActiveCfg = Debug|Any CPU
		{FAF24420-62DB-46DC-B9B1-AF6715C761B2}.Debug|x86.Build.0 = Debug|Any CPU
		{FAF24420-62DB-46DC-B9B1-AF6715C761B2}.Debug|x86.Deploy.0 = Debug|Any CPU
		{FAF24420-62DB-46DC-B9B1-AF6715C761B2}.Release|Any CPU.ActiveCfg = Release|Any CPU
		{FAF24420-62DB-46DC-B9B1-AF6715C761B2}.Release|Any CPU.Build.0 = Release|Any CPU
		{FAF24420-62DB-46DC-B9B1-AF6715C761B2}.Release|Any CPU.Deploy.0 = Release|Any CPU
		{FAF24420-62DB-46DC-B9B1-AF6715C761B2}.Release|ARM.ActiveCfg = Release|Any CPU
		{FAF24420-62DB-46DC-B9B1-AF6715C761B2}.Release|ARM.Build.0 = Release|Any CPU
		{FAF24420-62DB-46DC-B9B1-AF6715C761B2}.Release|ARM.Deploy.0 = Release|Any CPU
		{FAF24420-62DB-46DC-B9B1-AF6715C761B2}.Release|iPhone.ActiveCfg = Release|Any CPU
		{FAF24420-62DB-46DC-B9B1-AF6715C761B2}.Release|iPhone.Build.0 = Release|Any CPU
		{FAF24420-62DB-46DC-B9B1-AF6715C761B2}.Release|iPhone.Deploy.0 = Release|Any CPU
		{FAF24420-62DB-46DC-B9B1-AF6715C761B2}.Release|iPhoneSimulator.ActiveCfg = Release|Any CPU
		{FAF24420-62DB-46DC-B9B1-AF6715C761B2}.Release|iPhoneSimulator.Build.0 = Release|Any CPU
		{FAF24420-62DB-46DC-B9B1-AF6715C761B2}.Release|iPhoneSimulator.Deploy.0 = Release|Any CPU
		{FAF24420-62DB-46DC-B9B1-AF6715C761B2}.Release|x64.ActiveCfg = Release|Any CPU
		{FAF24420-62DB-46DC-B9B1-AF6715C761B2}.Release|x64.Build.0 = Release|Any CPU
		{FAF24420-62DB-46DC-B9B1-AF6715C761B2}.Release|x64.Deploy.0 = Release|Any CPU
		{FAF24420-62DB-46DC-B9B1-AF6715C761B2}.Release|x86.ActiveCfg = Release|Any CPU
		{FAF24420-62DB-46DC-B9B1-AF6715C761B2}.Release|x86.Build.0 = Release|Any CPU
		{FAF24420-62DB-46DC-B9B1-AF6715C761B2}.Release|x86.Deploy.0 = Release|Any CPU
	EndGlobalSection
	GlobalSection(SolutionProperties) = preSolution
		HideSolutionNode = FALSE
	EndGlobalSection
	GlobalSection(ExtensibilityGlobals) = postSolution
		SolutionGuid = {FB43FF63-12DA-4E3B-AA64-6D98E3EC68FC}
	EndGlobalSection
EndGlobal
